
Microsoft Visual Studio Solution File, Format Version 12.00
# Visual Studio Version 17
VisualStudioVersion = 17.10.35027.167
MinimumVisualStudioVersion = 10.0.40219.1
Project("{FAE04EC0-301F-11D3-BF4B-00C04F79EFBC}") = "fastwebsite", "fastwebsite.csproj", "{5FE3C4CA-2482-4540-AB78-31B087A676F1}"
EndProject
Global
	GlobalSection(SolutionConfigurationPlatforms) = preSolution
		Debug|Any CPU = Debug|Any CPU
		Release|Any CPU = Release|Any CPU
	EndGlobalSection
	GlobalSection(ProjectConfigurationPlatforms) = postSolution
		{5FE3C4CA-2482-4540-AB78-31B087A676F1}.Debug|Any CPU.ActiveCfg = Debug|Any CPU
		{5FE3C4CA-2482-4540-AB78-31B087A676F1}.Debug|Any CPU.Build.0 = Debug|Any CPU
		{5FE3C4CA-2482-4540-AB78-31B087A676F1}.Release|Any CPU.ActiveCfg = Release|Any CPU
		{5FE3C4CA-2482-4540-AB78-31B087A676F1}.Release|Any CPU.Build.0 = Release|Any CPU
	EndGlobalSection
	GlobalSection(SolutionProperties) = preSolution
		HideSolutionNode = FALSE
	EndGlobalSection
	GlobalSection(ExtensibilityGlobals) = postSolution
		SolutionGuid = {1BA64E8E-0540-4848-848C-26C2E3CDF7B5}
	EndGlobalSection
EndGlobal
